# This file is generated by running "yarn install" inside your project.
# Manual changes might be lost - proceed with caution!

__metadata:
  version: 6

"@brown-ccv/eslint-config@workspace:packages/eslint":
  version: 0.0.0-use.local
  resolution: "@brown-ccv/eslint-config@workspace:packages/eslint"
  peerDependencies:
    "@typescript-eslint/parser": "*"
    eslint: ">=3"
  languageName: unknown
  linkType: soft

"style-guide@workspace:.":
  version: 0.0.0-use.local
  resolution: "style-guide@workspace:."
  languageName: unknown
  linkType: soft
