# This file is generated by running "yarn install" inside your project.
# Manual changes might be lost - proceed with caution!

__metadata:
  version: 6

"@brown-ccv/eslint-config@workspace:packages/eslint":
  version: 0.0.0-use.local
  resolution: "@brown-ccv/eslint-config@workspace:packages/eslint"
  peerDependencies:
    "@typescript-eslint/eslint-plugin": ^8.5.0
    "@typescript-eslint/parser": ^8.5.0
    eslint: ^9.10.0
    eslint-config-prettier: ^8.8.0
    eslint-plugin-import: ^2.27.5
  languageName: unknown
  linkType: soft

"@brown-ccv/prettier-config@workspace:packages/prettier":
  version: 0.0.0-use.local
  resolution: "@brown-ccv/prettier-config@workspace:packages/prettier"
  peerDependencies:
    prettier: ">=3.0.0"
  languageName: unknown
  linkType: soft

"style-guide@workspace:.":
  version: 0.0.0-use.local
  resolution: "style-guide@workspace:."
  languageName: unknown
  linkType: soft
